
Microsoft Visual Studio Solution File, Format Version 12.00
# Visual Studio Version 17
VisualStudioVersion = 17.3.32825.248
MinimumVisualStudioVersion = 10.0.40219.1
Project("{FAE04EC0-301F-11D3-BF4B-00C04F79EFBC}") = "ConsoleAppAula01", "ConsoleAppAula01\ConsoleAppAula01.csproj", "{470573AB-2C9D-4595-803B-F39C2D6B31EE}"
EndProject
Global
	GlobalSection(SolutionConfigurationPlatforms) = preSolution
		Debug|Any CPU = Debug|Any CPU
		Release|Any CPU = Release|Any CPU
	EndGlobalSection
	GlobalSection(ProjectConfigurationPlatforms) = postSolution
		{470573AB-2C9D-4595-803B-F39C2D6B31EE}.Debug|Any CPU.ActiveCfg = Debug|Any CPU
		{470573AB-2C9D-4595-803B-F39C2D6B31EE}.Debug|Any CPU.Build.0 = Debug|Any CPU
		{470573AB-2C9D-4595-803B-F39C2D6B31EE}.Release|Any CPU.ActiveCfg = Release|Any CPU
		{470573AB-2C9D-4595-803B-F39C2D6B31EE}.Release|Any CPU.Build.0 = Release|Any CPU
	EndGlobalSection
	GlobalSection(SolutionProperties) = preSolution
		HideSolutionNode = FALSE
	EndGlobalSection
	GlobalSection(ExtensibilityGlobals) = postSolution
		SolutionGuid = {0993071A-4A51-467F-AB85-A799CFCC1EDB}
	EndGlobalSection
EndGlobal
